
Microsoft Visual Studio Solution File, Format Version 12.00
# Visual Studio 15
VisualStudioVersion = 15.0.28307.168
MinimumVisualStudioVersion = 10.0.40219.1
Project("{FAE04EC0-301F-11D3-BF4B-00C04F79EFBC}") = "GzipDecoder", "GzipDecoder\GzipDecoder.csproj", "{1684AEE2-3F13-47B4-B9D7-86DAF795E531}"
EndProject
Global
	GlobalSection(SolutionConfigurationPlatforms) = preSolution
		Debug|Any CPU = Debug|Any CPU
		Release|Any CPU = Release|Any CPU
	EndGlobalSection
	GlobalSection(ProjectConfigurationPlatforms) = postSolution
		{1684AEE2-3F13-47B4-B9D7-86DAF795E531}.Debug|Any CPU.ActiveCfg = Debug|Any CPU
		{1684AEE2-3F13-47B4-B9D7-86DAF795E531}.Debug|Any CPU.Build.0 = Debug|Any CPU
		{1684AEE2-3F13-47B4-B9D7-86DAF795E531}.Release|Any CPU.ActiveCfg = Release|Any CPU
		{1684AEE2-3F13-47B4-B9D7-86DAF795E531}.Release|Any CPU.Build.0 = Release|Any CPU
	EndGlobalSection
	GlobalSection(SolutionProperties) = preSolution
		HideSolutionNode = FALSE
	EndGlobalSection
	GlobalSection(ExtensibilityGlobals) = postSolution
		SolutionGuid = {D1B3C47B-DAF9-4B22-95AF-04315FE2CF1B}
	EndGlobalSection
EndGlobal
